
Microsoft Visual Studio Solution File, Format Version 12.00
# Visual Studio 15
Project("{FAE04EC0-301F-11D3-BF4B-00C04F79EFBC}") = "Unity.XR.Interaction.Toolkit.Samples.StarterAssets", "Unity.XR.Interaction.Toolkit.Samples.StarterAssets.csproj", "{86672D67-0793-65E0-79AB-50119B20ECCF}"
EndProject
Project("{FAE04EC0-301F-11D3-BF4B-00C04F79EFBC}") = "Unity.XR.Interaction.Toolkit.Samples.DeviceSimulator", "Unity.XR.Interaction.Toolkit.Samples.DeviceSimulator.csproj", "{ECC89E7D-48E1-919A-870C-ECDD56527136}"
EndProject
Project("{FAE04EC0-301F-11D3-BF4B-00C04F79EFBC}") = "Unity.XR.Interaction.Toolkit.Samples.StarterAssets.Editor", "Unity.XR.Interaction.Toolkit.Samples.StarterAssets.Editor.csproj", "{7FC1CFEA-2B46-9D56-DFBA-B6BC430BB505}"
EndProject
Global
	GlobalSection(SolutionConfigurationPlatforms) = preSolution
		Debug|Any CPU = Debug|Any CPU
		Release|Any CPU = Release|Any CPU
	EndGlobalSection
	GlobalSection(ProjectConfigurationPlatforms) = postSolution
		{86672D67-0793-65E0-79AB-50119B20ECCF}.Debug|Any CPU.ActiveCfg = Debug|Any CPU
		{86672D67-0793-65E0-79AB-50119B20ECCF}.Debug|Any CPU.Build.0 = Debug|Any CPU
		{86672D67-0793-65E0-79AB-50119B20ECCF}.Release|Any CPU.ActiveCfg = Release|Any CPU
		{86672D67-0793-65E0-79AB-50119B20ECCF}.Release|Any CPU.Build.0 = Release|Any CPU
		{ECC89E7D-48E1-919A-870C-ECDD56527136}.Debug|Any CPU.ActiveCfg = Debug|Any CPU
		{ECC89E7D-48E1-919A-870C-ECDD56527136}.Debug|Any CPU.Build.0 = Debug|Any CPU
		{ECC89E7D-48E1-919A-870C-ECDD56527136}.Release|Any CPU.ActiveCfg = Release|Any CPU
		{ECC89E7D-48E1-919A-870C-ECDD56527136}.Release|Any CPU.Build.0 = Release|Any CPU
		{7FC1CFEA-2B46-9D56-DFBA-B6BC430BB505}.Debug|Any CPU.ActiveCfg = Debug|Any CPU
		{7FC1CFEA-2B46-9D56-DFBA-B6BC430BB505}.Debug|Any CPU.Build.0 = Debug|Any CPU
		{7FC1CFEA-2B46-9D56-DFBA-B6BC430BB505}.Release|Any CPU.ActiveCfg = Release|Any CPU
		{7FC1CFEA-2B46-9D56-DFBA-B6BC430BB505}.Release|Any CPU.Build.0 = Release|Any CPU
	EndGlobalSection
	GlobalSection(SolutionProperties) = preSolution
		HideSolutionNode = FALSE
	EndGlobalSection
EndGlobal
